
Microsoft Visual Studio Solution File, Format Version 12.00
# Visual Studio Version 17
VisualStudioVersion = 17.0.31903.59
MinimumVisualStudioVersion = 10.0.40219.1
Project("{FAE04EC0-301F-11D3-BF4B-00C04F79EFBC}") = "API", "API\API.csproj", "{57709463-05D3-4374-9E2E-FF98BF168774}"
EndProject
Project("{FAE04EC0-301F-11D3-BF4B-00C04F79EFBC}") = "Applications", "Applications\Applications.csproj", "{DBC90C77-7FFF-49DC-9296-155AF8A23A8E}"
EndProject
Project("{FAE04EC0-301F-11D3-BF4B-00C04F79EFBC}") = "Domain", "Domain\Domain.csproj", "{9EBFA520-D9C1-401B-85B6-77D467556999}"
EndProject
Project("{FAE04EC0-301F-11D3-BF4B-00C04F79EFBC}") = "Persistance", "Persistance\Persistance.csproj", "{E7A37F64-57DF-49F0-9AA7-5B07B30A4B30}"
EndProject
Global
	GlobalSection(SolutionConfigurationPlatforms) = preSolution
		Debug|Any CPU = Debug|Any CPU
		Release|Any CPU = Release|Any CPU
	EndGlobalSection
	GlobalSection(SolutionProperties) = preSolution
		HideSolutionNode = FALSE
	EndGlobalSection
	GlobalSection(ProjectConfigurationPlatforms) = postSolution
		{57709463-05D3-4374-9E2E-FF98BF168774}.Debug|Any CPU.ActiveCfg = Debug|Any CPU
		{57709463-05D3-4374-9E2E-FF98BF168774}.Debug|Any CPU.Build.0 = Debug|Any CPU
		{57709463-05D3-4374-9E2E-FF98BF168774}.Release|Any CPU.ActiveCfg = Release|Any CPU
		{57709463-05D3-4374-9E2E-FF98BF168774}.Release|Any CPU.Build.0 = Release|Any CPU
		{DBC90C77-7FFF-49DC-9296-155AF8A23A8E}.Debug|Any CPU.ActiveCfg = Debug|Any CPU
		{DBC90C77-7FFF-49DC-9296-155AF8A23A8E}.Debug|Any CPU.Build.0 = Debug|Any CPU
		{DBC90C77-7FFF-49DC-9296-155AF8A23A8E}.Release|Any CPU.ActiveCfg = Release|Any CPU
		{DBC90C77-7FFF-49DC-9296-155AF8A23A8E}.Release|Any CPU.Build.0 = Release|Any CPU
		{9EBFA520-D9C1-401B-85B6-77D467556999}.Debug|Any CPU.ActiveCfg = Debug|Any CPU
		{9EBFA520-D9C1-401B-85B6-77D467556999}.Debug|Any CPU.Build.0 = Debug|Any CPU
		{9EBFA520-D9C1-401B-85B6-77D467556999}.Release|Any CPU.ActiveCfg = Release|Any CPU
		{9EBFA520-D9C1-401B-85B6-77D467556999}.Release|Any CPU.Build.0 = Release|Any CPU
		{E7A37F64-57DF-49F0-9AA7-5B07B30A4B30}.Debug|Any CPU.ActiveCfg = Debug|Any CPU
		{E7A37F64-57DF-49F0-9AA7-5B07B30A4B30}.Debug|Any CPU.Build.0 = Debug|Any CPU
		{E7A37F64-57DF-49F0-9AA7-5B07B30A4B30}.Release|Any CPU.ActiveCfg = Release|Any CPU
		{E7A37F64-57DF-49F0-9AA7-5B07B30A4B30}.Release|Any CPU.Build.0 = Release|Any CPU
	EndGlobalSection
EndGlobal
